Microsoft Visual Studio Solution File, Format Version 12.00
# Visual Studio Version 17
VisualStudioVersion = 17.5.2.0
MinimumVisualStudioVersion = 10.0.40219.1
Project("{FAE04EC0-301F-11D3-BF4B-00C04F79EFBC}") = "DSA_HomeWork_S2", "DSA_HomeWork_S2.csproj", "{49E15BF1-27D7-C7C3-6EA6-D574BA0F3151}"
EndProject
Global
	GlobalSection(SolutionConfigurationPlatforms) = preSolution
		Debug|Any CPU = Debug|Any CPU
		Release|Any CPU = Release|Any CPU
	EndGlobalSection
	GlobalSection(ProjectConfigurationPlatforms) = postSolution
		{49E15BF1-27D7-C7C3-6EA6-D574BA0F3151}.Debug|Any CPU.ActiveCfg = Debug|Any CPU
		{49E15BF1-27D7-C7C3-6EA6-D574BA0F3151}.Debug|Any CPU.Build.0 = Debug|Any CPU
		{49E15BF1-27D7-C7C3-6EA6-D574BA0F3151}.Release|Any CPU.ActiveCfg = Release|Any CPU
		{49E15BF1-27D7-C7C3-6EA6-D574BA0F3151}.Release|Any CPU.Build.0 = Release|Any CPU
	EndGlobalSection
	GlobalSection(SolutionProperties) = preSolution
		HideSolutionNode = FALSE
	EndGlobalSection
	GlobalSection(ExtensibilityGlobals) = postSolution
		SolutionGuid = {F09D045E-79B6-4FB6-99E4-577963732367}
	EndGlobalSection
EndGlobal
